// !$*UTF8*$!
{
	archiveVersion = 1;
	classes = {
	};
	objectVersion = 46;
	objects = {

/* Begin PBXBuildFile section */
		9BAFAEA01E9C74C9005E68F9 /* AppDelegate.swift in Sources */ = {isa = PBXBuildFile; fileRef = 9BAFAE9F1E9C74C9005E68F9 /* AppDelegate.swift */; };
		9BAFAEA21E9C74C9005E68F9 /* ViewController.swift in Sources */ = {isa = PBXBuildFile; fileRef = 9BAFAEA11E9C74C9005E68F9 /* ViewController.swift */; };
		9BAFAEA51E9C74C9005E68F9 /* Main.storyboard in Resources */ = {isa = PBXBuildFile; fileRef = 9BAFAEA31E9C74C9005E68F9 /* Main.storyboard */; };
		9BAFAEA71E9C74C9005E68F9 /* Assets.xcassets in Resources */ = {isa = PBXBuildFile; fileRef = 9BAFAEA61E9C74C9005E68F9 /* Assets.xcassets */; };
		9BAFAEAA1E9C74C9005E68F9 /* LaunchScreen.storyboard in Resources */ = {isa = PBXBuildFile; fileRef = 9BAFAEA81E9C74C9005E68F9 /* LaunchScreen.storyboard */; };
/* End PBXBuildFile section */

/* Begin PBXFileReference section */
		9BAFAE9C1E9C74C9005E68F9 /* FramesVSBounds.app */ = {isa = PBXFileReference; explicitFileType = wrapper.application; includeInIndex = 0; path = FramesVSBounds.app; sourceTree = BUILT_PRODUCTS_DIR; };
		9BAFAE9F1E9C74C9005E68F9 /* AppDelegate.swift */ = {isa = PBXFileReference; lastKnownFileType = sourcecode.swift; path = AppDelegate.swift; sourceTree = "<group>"; };
		9BAFAEA11E9C74C9005E68F9 /* ViewController.swift */ = {isa = PBXFileReference; lastKnownFileType = sourcecode.swift; path = ViewController.swift; sourceTree = "<group>"; };
		9BAFAEA41E9C74C9005E68F9 /* Base */ = {isa = PBXFileReference; lastKnownFileType = file.storyboard; name = Base; path = Base.lproj/Main.storyboard; sourceTree = "<group>"; };
		9BAFAEA61E9C74C9005E68F9 /* Assets.xcassets */ = {isa = PBXFileReference; lastKnownFileType = folder.assetcatalog; path = Assets.xcassets; sourceTree = "<group>"; };
		9BAFAEA91E9C74C9005E68F9 /* Base */ = {isa = PBXFileReference; lastKnownFileType = file.storyboard; name = Base; path = Base.lproj/LaunchScreen.storyboard; sourceTree = "<group>"; };
		9BAFAEAB1E9C74C9005E68F9 /* Info.plist */ = {isa = PBXFileReference; lastKnownFileType = text.plist.xml; path = Info.plist; sourceTree = "<group>"; };
/* End PBXFileReference section */

/* Begin PBXFrameworksBuildPhase section */
		9BAFAE991E9C74C9005E68F9 /* Frameworks */ = {
			isa = PBXFrameworksBuildPhase;
			buildActionMask = 2147483647;
			files = (
			);
			runOnlyForDeploymentPostprocessing = 0;
		};
/* End PBXFrameworksBuildPhase section */

/* Begin PBXGroup section */
		9BAFAE931E9C74C9005E68F9 = {
			isa = PBXGroup;
			children = (
				9BAFAE9E1E9C74C9005E68F9 /* FramesVSBounds */,
				9BAFAE9D1E9C74C9005E68F9 /* Products */,
			);
			sourceTree = "<group>";
		};
		9BAFAE9D1E9C74C9005E68F9 /* Products */ = {
			isa = PBXGroup;
			children = (
				9BAFAE9C1E9C74C9005E68F9 /* FramesVSBounds.app */,
			);
			name = Products;
			sourceTree = "<group>";
		};
		9BAFAE9E1E9C74C9005E68F9 /* FramesVSBounds */ = {
			isa = PBXGroup;
			children = (
				9BAFAE9F1E9C74C9005E68F9 /* AppDelegate.swift */,
				9BAFAEA11E9C74C9005E68F9 /* ViewController.swift */,
				9BAFAEA31E9C74C9005E68F9 /* Main.storyboard */,
				9BAFAEA61E9C74C9005E68F9 /* Assets.xcassets */,
				9BAFAEA81E9C74C9005E68F9 /* LaunchScreen.storyboard */,
				9BAFAEAB1E9C74C9005E68F9 /* Info.plist */,
			);
			path = FramesVSBounds;
			sourceTree = "<group>";
		};
/* End PBXGroup section */

/* Begin PBXNativeTarget section */
		9BAFAE9B1E9C74C9005E68F9 /* FramesVSBounds */ = {
			isa = PBXNativeTarget;
			buildConfigurationList = 9BAFAEAE1E9C74C9005E68F9 /* Build configuration list for PBXNativeTarget "FramesVSBounds" */;
			buildPhases = (
				9BAFAE981E9C74C9005E68F9 /* Sources */,
				9BAFAE991E9C74C9005E68F9 /* Frameworks */,
				9BAFAE9A1E9C74C9005E68F9 /* Resources */,
			);
			buildRules = (
			);
			dependencies = (
			);
			name = FramesVSBounds;
			productName = FramesVSBounds;
			productReference = 9BAFAE9C1E9C74C9005E68F9 /* FramesVSBounds.app */;
			productType = "com.apple.product-type.application";
		};
/* End PBXNativeTarget section */

/* Begin PBXProject section */
		9BAFAE941E9C74C9005E68F9 /* Project object */ = {
			isa = PBXProject;
			attributes = {
				LastSwiftUpdateCheck = 0820;
				LastUpgradeCheck = 0820;
				ORGANIZATIONNAME = MichaelXiao;
				TargetAttributes = {
					9BAFAE9B1E9C74C9005E68F9 = {
						CreatedOnToolsVersion = 8.2.1;
						DevelopmentTeam = YX74XFK6Z8;
						ProvisioningStyle = Automatic;
					};
				};
			};
			buildConfigurationList = 9BAFAE971E9C74C9005E68F9 /* Build configuration list for PBXProject "FramesVSBounds" */;
			compatibilityVersion = "Xcode 3.2";
			developmentRegion = English;
			hasScannedForEncodings = 0;
			knownRegions = (
				en,
				Base,
			);
			mainGroup = 9BAFAE931E9C74C9005E68F9;
			productRefGroup = 9BAFAE9D1E9C74C9005E68F9 /* Products */;
			projectDirPath = "";
			projectRoot = "";
			targets = (
				9BAFAE9B1E9C74C9005E68F9 /* FramesVSBounds */,
			);
		};
/* End PBXProject section */

/* Begin PBXResourcesBuildPhase section */
		9BAFAE9A1E9C74C9005E68F9 /* Resources */ = {
			isa = PBXResourcesBuildPhase;
			buildActionMask = 2147483647;
			files = (
				9BAFAEAA1E9C74C9005E68F9 /* LaunchScreen.storyboard in Resources */,
				9BAFAEA71E9C74C9005E68F9 /* Assets.xcassets in Resources */,
				9BAFAEA51E9C74C9005E68F9 /* Main.storyboard in Resources */,
			);
			runOnlyForDeploymentPostprocessing = 0;
		};
/* End PBXResourcesBuildPhase section */

/* Begin PBXSourcesBuildPhase section */
		9BAFAE981E9C74C9005E68F9 /* Sources */ = {
			isa = PBXSourcesBuildPhase;
			buildActionMask = 2147483647;
			files = (
				9BAFAEA21E9C74C9005E68F9 /* ViewController.swift in Sources */,
				9BAFAEA01E9C74C9005E68F9 /* AppDelegate.swift in Sources */,
			);
			runOnlyForDeploymentPostprocessing = 0;
		};
/* End PBXSourcesBuildPhase section */

/* Begin PBXVariantGroup section */
		9BAFAEA31E9C74C9005E68F9 /* Main.storyboard */ = {
			isa = PBXVariantGroup;
			children = (
				9BAFAEA41E9C74C9005E68F9 /* Base */,
			);
			name = Main.storyboard;
			sourceTree = "<group>";
		};
		9BAFAEA81E9C74C9005E68F9 /* LaunchScreen.storyboard */ = {
			isa = PBXVariantGroup;
			children = (
				9BAFAEA91E9C74C9005E68F9 /* Base */,
			);
			name = LaunchScreen.storyboard;
			sourceTree = "<group>";
		};
/* End PBXVariantGroup section */

/* Begin XCBuildConfiguration section */
		9BAFAEAC1E9C74C9005E68F9 /* Debug */ = {
			isa = XCBuildConfiguration;
			buildSettings = {
				ALWAYS_SEARCH_USER_PATHS = NO;
				CLANG_ANALYZER_NONNULL = YES;
				CLANG_CXX_LANGUAGE_STANDARD = "gnu++0x";
				CLANG_CXX_LIBRARY = "libc++";
				CLANG_ENABLE_MODULES = YES;
				CLANG_ENABLE_OBJC_ARC = YES;
				CLANG_WARN_BOOL_CONVERSION = YES;
				CLANG_WARN_CONSTANT_CONVERSION = YES;
				CLANG_WARN_DIRECT_OBJC_ISA_USAGE = YES_ERROR;
				CLANG_WARN_DOCUMENTATION_COMMENTS = YES;
				CLANG_WARN_EMPTY_BODY = YES;
				CLANG_WARN_ENUM_CONVERSION = YES;
				CLANG_WARN_INFINITE_RECURSION = YES;
				CLANG_WARN_INT_CONVERSION = YES;
				CLANG_WARN_OBJC_ROOT_CLASS = YES_ERROR;
				CLANG_WARN_SUSPICIOUS_MOVE = YES;
				CLANG_WARN_UNREACHABLE_CODE = YES;
				CLANG_WARN__DUPLICATE_METHOD_MATCH = YES;
				"CODE_SIGN_IDENTITY[sdk=iphoneos*]" = "iPhone Developer";
				COPY_PHASE_STRIP = NO;
				DEBUG_INFORMATION_FORMAT = dwarf;
				ENABLE_STRICT_OBJC_MSGSEND = YES;
				ENABLE_TESTABILITY = YES;
				GCC_C_LANGUAGE_STANDARD = gnu99;
				GCC_DYNAMIC_NO_PIC = NO;
				GCC_NO_COMMON_BLOCKS = YES;
				GCC_OPTIMIZATION_LEVEL = 0;
				GCC_PREPROCESSOR_DEFINITIONS = (
					"DEBUG=1",
					"$(inherited)",
				);
				GCC_WARN_64_TO_32_BIT_CONVERSION = YES;
				GCC_WARN_ABOUT_RETURN_TYPE = YES_ERROR;
				GCC_WARN_UNDECLARED_SELECTOR = YES;
				GCC_WARN_UNINITIALIZED_AUTOS = YES_AGGRESSIVE;
				GCC_WARN_UNUSED_FUNCTION = YES;
				GCC_WARN_UNUSED_VARIABLE = YES;
				IPHONEOS_DEPLOYMENT_TARGET = 10.2;
				MTL_ENABLE_DEBUG_INFO = YES;
				ONLY_ACTIVE_ARCH = YES;
				SDKROOT = iphoneos;
				SWIFT_ACTIVE_COMPILATION_CONDITIONS = DEBUG;
				SWIFT_OPTIMIZATION_LEVEL = "-Onone";
				TARGETED_DEVICE_FAMILY = "1,2";
			};
			name = Debug;
		};
		9BAFAEAD1E9C74C9005E68F9 /* Release */ = {
			isa = XCBuildConfiguration;
			buildSettings = {
				ALWAYS_SEARCH_USER_PATHS = NO;
				CLANG_ANALYZER_NONNULL = YES;
				CLANG_CXX_LANGUAGE_STANDARD = "gnu++0x";
				CLANG_CXX_LIBRARY = "libc++";
				CLANG_ENABLE_MODULES = YES;
				CLANG_ENABLE_OBJC_ARC = YES;
				CLANG_WARN_BOOL_CONVERSION = YES;
				CLANG_WARN_CONSTANT_CONVERSION = YES;
				CLANG_WARN_DIRECT_OBJC_ISA_USAGE = YES_ERROR;
				CLANG_WARN_DOCUMENTATION_COMMENTS = YES;
				CLANG_WARN_EMPTY_BODY = YES;
				CLANG_WARN_ENUM_CONVERSION = YES;
				CLANG_WARN_INFINITE_RECURSION = YES;
				CLANG_WARN_INT_CONVERSION = YES;
				CLANG_WARN_OBJC_ROOT_CLASS = YES_ERROR;
				CLANG_WARN_SUSPICIOUS_MOVE = YES;
				CLANG_WARN_UNREACHABLE_CODE = YES;
				CLANG_WARN__DUPLICATE_METHOD_MATCH = YES;
				"CODE_SIGN_IDENTITY[sdk=iphoneos*]" = "iPhone Developer";
				COPY_PHASE_STRIP = NO;
				DEBUG_INFORMATION_FORMAT = "dwarf-with-dsym";
				ENABLE_NS_ASSERTIONS = NO;
				ENABLE_STRICT_OBJC_MSGSEND = YES;
				GCC_C_LANGUAGE_STANDARD = gnu99;
				GCC_NO_COMMON_BLOCKS = YES;
				GCC_WARN_64_TO_32_BIT_CONVERSION = YES;
				GCC_WARN_ABOUT_RETURN_TYPE = YES_ERROR;
				GCC_WARN_UNDECLARED_SELECTOR = YES;
				GCC_WARN_UNINITIALIZED_AUTOS = YES_AGGRESSIVE;
				GCC_WARN_UNUSED_FUNCTION = YES;
				GCC_WARN_UNUSED_VARIABLE = YES;
				IPHONEOS_DEPLOYMENT_TARGET = 10.2;
				MTL_ENABLE_DEBUG_INFO = NO;
				SDKROOT = iphoneos;
				SWIFT_OPTIMIZATION_LEVEL = "-Owholemodule";
				TARGETED_DEVICE_FAMILY = "1,2";
				VALIDATE_PRODUCT = YES;
			};
			name = Release;
		};
		9BAFAEAF1E9C74C9005E68F9 /* Debug */ = {
			isa = XCBuildConfiguration;
			buildSettings = {
				ASSETCATALOG_COMPILER_APPICON_NAME = AppIcon;
				DEVELOPMENT_TEAM = YX74XFK6Z8;
				INFOPLIST_FILE = FramesVSBounds/Info.plist;
				LD_RUNPATH_SEARCH_PATHS = "$(inherited) @executable_path/Frameworks";
				PRODUCT_BUNDLE_IDENTIFIER = msxiao.FramesVSBounds;
				PRODUCT_NAME = "$(TARGET_NAME)";
				SWIFT_VERSION = 3.0;
			};
			name = Debug;
		};
		9BAFAEB01E9C74C9005E68F9 /* Release */ = {
			isa = XCBuildConfiguration;
			buildSettings = {
				ASSETCATALOG_COMPILER_APPICON_NAME = AppIcon;
				DEVELOPMENT_TEAM = YX74XFK6Z8;
				INFOPLIST_FILE = FramesVSBounds/Info.plist;
				LD_RUNPATH_SEARCH_PATHS = "$(inherited) @executable_path/Frameworks";
				PRODUCT_BUNDLE_IDENTIFIER = msxiao.FramesVSBounds;
				PRODUCT_NAME = "$(TARGET_NAME)";
				SWIFT_VERSION = 3.0;
			};
			name = Release;
		};
/* End XCBuildConfiguration section */

/* Begin XCConfigurationList section */
		9BAFAE971E9C74C9005E68F9 /* Build configuration list for PBXProject "FramesVSBounds" */ = {
			isa = XCConfigurationList;
			buildConfigurations = (
				9BAFAEAC1E9C74C9005E68F9 /* Debug */,
				9BAFAEAD1E9C74C9005E68F9 /* Release */,
			);
			defaultConfigurationIsVisible = 0;
			defaultConfigurationName = Release;
		};
		9BAFAEAE1E9C74C9005E68F9 /* Build configuration list for PBXNativeTarget "FramesVSBounds" */ = {
			isa = XCConfigurationList;
			buildConfigurations = (
				9BAFAEAF1E9C74C9005E68F9 /* Debug */,
				9BAFAEB01E9C74C9005E68F9 /* Release */,
			);
			defaultConfigurationIsVisible = 0;
		};
/* End XCConfigurationList section */
	};
	rootObject = 9BAFAE941E9C74C9005E68F9 /* Project object */;
}
